
Microsoft Visual Studio Solution File, Format Version 12.00
# Visual Studio Version 17
VisualStudioVersion = 17.14.36616.10 d17.14
MinimumVisualStudioVersion = 10.0.40219.1
Project("{FAE04EC0-301F-11D3-BF4B-00C04F79EFBC}") = "Champ2026Client", "Champ2026Client\Champ2026Client.csproj", "{49981247-DF69-48FA-BE64-A9E9B41C9E2A}"
EndProject
Global
	GlobalSection(SolutionConfigurationPlatforms) = preSolution
		Debug|Any CPU = Debug|Any CPU
		Release|Any CPU = Release|Any CPU
	EndGlobalSection
	GlobalSection(ProjectConfigurationPlatforms) = postSolution
		{49981247-DF69-48FA-BE64-A9E9B41C9E2A}.Debug|Any CPU.ActiveCfg = Debug|Any CPU
		{49981247-DF69-48FA-BE64-A9E9B41C9E2A}.Debug|Any CPU.Build.0 = Debug|Any CPU
		{49981247-DF69-48FA-BE64-A9E9B41C9E2A}.Release|Any CPU.ActiveCfg = Release|Any CPU
		{49981247-DF69-48FA-BE64-A9E9B41C9E2A}.Release|Any CPU.Build.0 = Release|Any CPU
	EndGlobalSection
	GlobalSection(SolutionProperties) = preSolution
		HideSolutionNode = FALSE
	EndGlobalSection
	GlobalSection(ExtensibilityGlobals) = postSolution
		SolutionGuid = {B33E2BBF-44EC-4FD3-9492-D718DF948F89}
	EndGlobalSection
EndGlobal
